{
  "name": "Projeto2-main",
  "lockfileVersion": 2,
  "requires": true,
  "packages": {
    "": {
      "dependencies": {
        "import-sort": "^6.0.0",
        "sort-by": "^1.2.0"
      }
    },
    "node_modules/builtin-modules": {
      "version": "3.3.0",
      "resolved": "https://registry.npmjs.org/builtin-modules/-/builtin-modules-3.3.0.tgz",
      "integrity": "sha512-zhaCDicdLuWN5UbN5IMnFqNMhNfo919sH85y2/ea+5Yg9TsTkeZxpL+JLbp6cgYFS4sRLp3YV4S6yDuqVWHYOw==",
      "engines": {
        "node": ">=6"
      },
      "funding": {
        "url": "https://github.com/sponsors/sindresorhus"
      }
    },
    "node_modules/detect-newline": {
      "version": "2.1.0",
      "resolved": "https://registry.npmjs.org/detect-newline/-/detect-newline-2.1.0.tgz",
      "integrity": "sha512-CwffZFvlJffUg9zZA0uqrjQayUTC8ob94pnr5sFwaVv3IOmkfUHcWH+jXaQK3askE51Cqe8/9Ql/0uXNwqZ8Zg==",
      "engines": {
        "node": ">=0.10.0"
      }
    },
    "node_modules/function-bind": {
      "version": "1.1.1",
      "resolved": "https://registry.npmjs.org/function-bind/-/function-bind-1.1.1.tgz",
      "integrity": "sha512-yIovAzMX49sF8Yl58fSCWJ5svSLuaibPxXQJFLmBObTuCr0Mf1KiPopGM9NiFjiYBCbfaa2Fh6breQ6ANVTI0A=="
    },
    "node_modules/has": {
      "version": "1.0.3",
      "resolved": "https://registry.npmjs.org/has/-/has-1.0.3.tgz",
      "integrity": "sha512-f2dvO0VU6Oej7RkWJGrehjbzMAjFp5/VKPp5tTpWIV4JHHZK1/BxbFRtf/siA2SWTe09caDmVtYYzWEIbBS4zw==",
      "dependencies": {
        "function-bind": "^1.1.1"
      },
      "engines": {
        "node": ">= 0.4.0"
      }
    },
    "node_modules/import-sort": {
      "version": "6.0.0",
      "resolved": "https://registry.npmjs.org/import-sort/-/import-sort-6.0.0.tgz",
      "integrity": "sha512-XUwSQMGAGmcW/wfshFE0gXgb1NPF6ibbQD6wDr3KRDykZf/lZj0jf58Bwa02xNb8EE59oz7etFe9OHnJocUW5Q==",
      "dependencies": {
        "detect-newline": "^2.1.0",
        "import-sort-parser": "^6.0.0",
        "import-sort-style": "^6.0.0",
        "is-builtin-module": "^3.0.0",
        "resolve": "^1.8.1"
      }
    },
    "node_modules/import-sort-parser": {
      "version": "6.0.0",
      "resolved": "https://registry.npmjs.org/import-sort-parser/-/import-sort-parser-6.0.0.tgz",
      "integrity": "sha512-H5L+d6HnqHvThB0GmAA3/43Sv74oCwL0iMk3/ixOv0LRJ69rCyHXeG/+UadMHrD2FefEmgPIWboEPAG7gsQrkA=="
    },
    "node_modules/import-sort-style": {
      "version": "6.0.0",
      "resolved": "https://registry.npmjs.org/import-sort-style/-/import-sort-style-6.0.0.tgz",
      "integrity": "sha512-z0H5PKs7YoDeKxNYXv2AA1mjjZFY07fjeNCXUdTM3ymJtWeeEoTm8CQkFm2l+KPZoMczIvdwzJpWkkOamBnsPw=="
    },
    "node_modules/is-builtin-module": {
      "version": "3.2.0",
      "resolved": "https://registry.npmjs.org/is-builtin-module/-/is-builtin-module-3.2.0.tgz",
      "integrity": "sha512-phDA4oSGt7vl1n5tJvTWooWWAsXLY+2xCnxNqvKhGEzujg+A43wPlPOyDg3C8XQHN+6k/JTQWJ/j0dQh/qr+Hw==",
      "dependencies": {
        "builtin-modules": "^3.3.0"
      },
      "engines": {
        "node": ">=6"
      },
      "funding": {
        "url": "https://github.com/sponsors/sindresorhus"
      }
    },
    "node_modules/is-core-module": {
      "version": "2.11.0",
      "resolved": "https://registry.npmjs.org/is-core-module/-/is-core-module-2.11.0.tgz",
      "integrity": "sha512-RRjxlvLDkD1YJwDbroBHMb+cukurkDWNyHx7D3oNB5x9rb5ogcksMC5wHCadcXoo67gVr/+3GFySh3134zi6rw==",
      "dependencies": {
        "has": "^1.0.3"
      },
      "funding": {
        "url": "https://github.com/sponsors/ljharb"
      }
    },
    "node_modules/object-path": {
      "version": "0.6.0",
      "resolved": "https://registry.npmjs.org/object-path/-/object-path-0.6.0.tgz",
      "integrity": "sha512-fxrwsCFi3/p+LeLOAwo/wyRMODZxdGBtUlWRzsEpsUVrisZbEfZ21arxLGfaWfcnqb8oHPNihIb4XPE8CQPN5A==",
      "engines": {
        "node": ">=0.8.0"
      }
    },
    "node_modules/path-parse": {
      "version": "1.0.7",
      "resolved": "https://registry.npmjs.org/path-parse/-/path-parse-1.0.7.tgz",
      "integrity": "sha512-LDJzPVEEEPR+y48z93A0Ed0yXb8pAByGWo/k5YYdYgpY2/2EsOsksJrq7lOHxryrVOn1ejG6oAp8ahvOIQD8sw=="
    },
    "node_modules/resolve": {
      "version": "1.22.1",
      "resolved": "https://registry.npmjs.org/resolve/-/resolve-1.22.1.tgz",
      "integrity": "sha512-nBpuuYuY5jFsli/JIs1oldw6fOQCBioohqWZg/2hiaOybXOft4lonv85uDOKXdf8rhyK159cxU5cDcK/NKk8zw==",
      "dependencies": {
        "is-core-module": "^2.9.0",
        "path-parse": "^1.0.7",
        "supports-preserve-symlinks-flag": "^1.0.0"
      },
      "bin": {
        "resolve": "bin/resolve"
      },
      "funding": {
        "url": "https://github.com/sponsors/ljharb"
      }
    },
    "node_modules/sort-by": {
      "version": "1.2.0",
      "resolved": "https://registry.npmjs.org/sort-by/-/sort-by-1.2.0.tgz",
      "integrity": "sha512-aRyW65r3xMnf4nxJRluCg0H/woJpksU1dQxRtXYzau30sNBOmf5HACpDd9MZDhKh7ALQ5FgSOfMPwZEtUmMqcg==",
      "dependencies": {
        "object-path": "0.6.0"
      }
    },
    "node_modules/supports-preserve-symlinks-flag": {
      "version": "1.0.0",
      "resolved": "https://registry.npmjs.org/supports-preserve-symlinks-flag/-/supports-preserve-symlinks-flag-1.0.0.tgz",
      "integrity": "sha512-ot0WnXS9fgdkgIcePe6RHNk1WA8+muPa6cSjeR3V8K27q9BB1rTE3R1p7Hv0z1ZyAc8s6Vvv8DIyWf681MAt0w==",
      "engines": {
        "node": ">= 0.4"
      },
      "funding": {
        "url": "https://github.com/sponsors/ljharb"
      }
    }
  },
  "dependencies": {
    "builtin-modules": {
      "version": "3.3.0",
      "resolved": "https://registry.npmjs.org/builtin-modules/-/builtin-modules-3.3.0.tgz",
      "integrity": "sha512-zhaCDicdLuWN5UbN5IMnFqNMhNfo919sH85y2/ea+5Yg9TsTkeZxpL+JLbp6cgYFS4sRLp3YV4S6yDuqVWHYOw=="
    },
    "detect-newline": {
      "version": "2.1.0",
      "resolved": "https://registry.npmjs.org/detect-newline/-/detect-newline-2.1.0.tgz",
      "integrity": "sha512-CwffZFvlJffUg9zZA0uqrjQayUTC8ob94pnr5sFwaVv3IOmkfUHcWH+jXaQK3askE51Cqe8/9Ql/0uXNwqZ8Zg=="
    },
    "function-bind": {
      "version": "1.1.1",
      "resolved": "https://registry.npmjs.org/function-bind/-/function-bind-1.1.1.tgz",
      "integrity": "sha512-yIovAzMX49sF8Yl58fSCWJ5svSLuaibPxXQJFLmBObTuCr0Mf1KiPopGM9NiFjiYBCbfaa2Fh6breQ6ANVTI0A=="
    },
    "has": {
      "version": "1.0.3",
      "resolved": "https://registry.npmjs.org/has/-/has-1.0.3.tgz",
      "integrity": "sha512-f2dvO0VU6Oej7RkWJGrehjbzMAjFp5/VKPp5tTpWIV4JHHZK1/BxbFRtf/siA2SWTe09caDmVtYYzWEIbBS4zw==",
      "requires": {
        "function-bind": "^1.1.1"
      }
    },
    "import-sort": {
      "version": "6.0.0",
      "resolved": "https://registry.npmjs.org/import-sort/-/import-sort-6.0.0.tgz",
      "integrity": "sha512-XUwSQMGAGmcW/wfshFE0gXgb1NPF6ibbQD6wDr3KRDykZf/lZj0jf58Bwa02xNb8EE59oz7etFe9OHnJocUW5Q==",
      "requires": {
        "detect-newline": "^2.1.0",
        "import-sort-parser": "^6.0.0",
        "import-sort-style": "^6.0.0",
        "is-builtin-module": "^3.0.0",
        "resolve": "^1.8.1"
      }
    },
    "import-sort-parser": {
      "version": "6.0.0",
      "resolved": "https://registry.npmjs.org/import-sort-parser/-/import-sort-parser-6.0.0.tgz",
      "integrity": "sha512-H5L+d6HnqHvThB0GmAA3/43Sv74oCwL0iMk3/ixOv0LRJ69rCyHXeG/+UadMHrD2FefEmgPIWboEPAG7gsQrkA=="
    },
    "import-sort-style": {
      "version": "6.0.0",
      "resolved": "https://registry.npmjs.org/import-sort-style/-/import-sort-style-6.0.0.tgz",
      "integrity": "sha512-z0H5PKs7YoDeKxNYXv2AA1mjjZFY07fjeNCXUdTM3ymJtWeeEoTm8CQkFm2l+KPZoMczIvdwzJpWkkOamBnsPw=="
    },
    "is-builtin-module": {
      "version": "3.2.0",
      "resolved": "https://registry.npmjs.org/is-builtin-module/-/is-builtin-module-3.2.0.tgz",
      "integrity": "sha512-phDA4oSGt7vl1n5tJvTWooWWAsXLY+2xCnxNqvKhGEzujg+A43wPlPOyDg3C8XQHN+6k/JTQWJ/j0dQh/qr+Hw==",
      "requires": {
        "builtin-modules": "^3.3.0"
      }
    },
    "is-core-module": {
      "version": "2.11.0",
      "resolved": "https://registry.npmjs.org/is-core-module/-/is-core-module-2.11.0.tgz",
      "integrity": "sha512-RRjxlvLDkD1YJwDbroBHMb+cukurkDWNyHx7D3oNB5x9rb5ogcksMC5wHCadcXoo67gVr/+3GFySh3134zi6rw==",
      "requires": {
        "has": "^1.0.3"
      }
    },
    "object-path": {
      "version": "0.6.0",
      "resolved": "https://registry.npmjs.org/object-path/-/object-path-0.6.0.tgz",
      "integrity": "sha512-fxrwsCFi3/p+LeLOAwo/wyRMODZxdGBtUlWRzsEpsUVrisZbEfZ21arxLGfaWfcnqb8oHPNihIb4XPE8CQPN5A=="
    },
    "path-parse": {
      "version": "1.0.7",
      "resolved": "https://registry.npmjs.org/path-parse/-/path-parse-1.0.7.tgz",
      "integrity": "sha512-LDJzPVEEEPR+y48z93A0Ed0yXb8pAByGWo/k5YYdYgpY2/2EsOsksJrq7lOHxryrVOn1ejG6oAp8ahvOIQD8sw=="
    },
    "resolve": {
      "version": "1.22.1",
      "resolved": "https://registry.npmjs.org/resolve/-/resolve-1.22.1.tgz",
      "integrity": "sha512-nBpuuYuY5jFsli/JIs1oldw6fOQCBioohqWZg/2hiaOybXOft4lonv85uDOKXdf8rhyK159cxU5cDcK/NKk8zw==",
      "requires": {
        "is-core-module": "^2.9.0",
        "path-parse": "^1.0.7",
        "supports-preserve-symlinks-flag": "^1.0.0"
      }
    },
    "sort-by": {
      "version": "1.2.0",
      "resolved": "https://registry.npmjs.org/sort-by/-/sort-by-1.2.0.tgz",
      "integrity": "sha512-aRyW65r3xMnf4nxJRluCg0H/woJpksU1dQxRtXYzau30sNBOmf5HACpDd9MZDhKh7ALQ5FgSOfMPwZEtUmMqcg==",
      "requires": {
        "object-path": "0.6.0"
      }
    },
    "supports-preserve-symlinks-flag": {
      "version": "1.0.0",
      "resolved": "https://registry.npmjs.org/supports-preserve-symlinks-flag/-/supports-preserve-symlinks-flag-1.0.0.tgz",
      "integrity": "sha512-ot0WnXS9fgdkgIcePe6RHNk1WA8+muPa6cSjeR3V8K27q9BB1rTE3R1p7Hv0z1ZyAc8s6Vvv8DIyWf681MAt0w=="
    }
  }
}
